Microsoft Visual Studio Solution File, Format Version 12.00
# Visual Studio Version 17
VisualStudioVersion = 17.5.2.0
MinimumVisualStudioVersion = 10.0.40219.1
Project("{FAE04EC0-301F-11D3-BF4B-00C04F79EFBC}") = "crud-mvc", "crud-mvc.csproj", "{1B9574F1-4351-C511-C8A4-6B036CFE62CE}"
EndProject
Global
	GlobalSection(SolutionConfigurationPlatforms) = preSolution
		Debug|Any CPU = Debug|Any CPU
		Release|Any CPU = Release|Any CPU
	EndGlobalSection
	GlobalSection(ProjectConfigurationPlatforms) = postSolution
		{1B9574F1-4351-C511-C8A4-6B036CFE62CE}.Debug|Any CPU.ActiveCfg = Debug|Any CPU
		{1B9574F1-4351-C511-C8A4-6B036CFE62CE}.Debug|Any CPU.Build.0 = Debug|Any CPU
		{1B9574F1-4351-C511-C8A4-6B036CFE62CE}.Release|Any CPU.ActiveCfg = Release|Any CPU
		{1B9574F1-4351-C511-C8A4-6B036CFE62CE}.Release|Any CPU.Build.0 = Release|Any CPU
	EndGlobalSection
	GlobalSection(SolutionProperties) = preSolution
		HideSolutionNode = FALSE
	EndGlobalSection
	GlobalSection(ExtensibilityGlobals) = postSolution
		SolutionGuid = {CC3D7995-8E91-479B-B896-F704E4AF54A2}
	EndGlobalSection
EndGlobal
